{
  "name": "droneio",
  "version": "1.0.0",
  "lockfileVersion": 1,
  "requires": true,
  "dependencies": {
    "vue": {
      "version": "2.5.14",
      "resolved": "https://registry.npmjs.org/vue/-/vue-2.5.14.tgz",
      "integrity": "sha512-mVgzSfYvL6WXJhBkZNbJ/hZCJae6gjnnooa7K/HXfBPWKtqpBWHKfZVWV66a7x4JtE5vnQ4P1RW+OeqbWq2pOQ=="
    }
  }
}
