{
  "name": "droneio",
  "version": "1.0.0",
  "lockfileVersion": 1,
  "requires": true,
  "dependencies": {
    "automerge": {
      "version": "0.7.1",
      "resolved": "https://registry.npmjs.org/automerge/-/automerge-0.7.1.tgz",
      "integrity": "sha1-oEGebV8cRn8DZAD2cJi+CahabWU=",
      "requires": {
        "immutable": "3.8.2",
        "transit-immutable-js": "0.7.0",
        "transit-js": "0.8.846",
        "uuid": "3.2.1"
      }
    },
    "immutable": {
      "version": "3.8.2",
      "resolved": "https://registry.npmjs.org/immutable/-/immutable-3.8.2.tgz",
      "integrity": "sha1-wkOZUUVbs5kT2vKBN28VMOEErfM="
    },
    "transit-immutable-js": {
      "version": "0.7.0",
      "resolved": "https://registry.npmjs.org/transit-immutable-js/-/transit-immutable-js-0.7.0.tgz",
      "integrity": "sha1-mT4lCJtjEf9AIUD1VidtbSUwBdk="
    },
    "transit-js": {
      "version": "0.8.846",
      "resolved": "https://registry.npmjs.org/transit-js/-/transit-js-0.8.846.tgz",
      "integrity": "sha1-duBujw5r4nZ140QhEvXJu3U0NGQ="
    },
    "uuid": {
      "version": "3.2.1",
      "resolved": "https://registry.npmjs.org/uuid/-/uuid-3.2.1.tgz",
      "integrity": "sha512-jZnMwlb9Iku/O3smGWvZhauCf6cvvpKi4BKRiliS3cxnI+Gz9j5MEpTz2UFuXiKPJocb7gnsLHwiS05ige5BEA=="
    }
  }
}
